
Microsoft Visual Studio Solution File, Format Version 12.00
# Visual Studio Version 17
VisualStudioVersion = 17.5.002.0
MinimumVisualStudioVersion = 10.0.40219.1
Project("{9A19103F-16F7-4668-BE54-9A1E7A4F7556}") = "basics", "basics.csproj", "{F3427CF3-E822-46CD-99CD-14085A34F292}"
EndProject
Global
	GlobalSection(SolutionConfigurationPlatforms) = preSolution
		Debug|Any CPU = Debug|Any CPU
		Release|Any CPU = Release|Any CPU
	EndGlobalSection
	GlobalSection(ProjectConfigurationPlatforms) = postSolution
		{F3427CF3-E822-46CD-99CD-14085A34F292}.Debug|Any CPU.ActiveCfg = Debug|Any CPU
		{F3427CF3-E822-46CD-99CD-14085A34F292}.Debug|Any CPU.Build.0 = Debug|Any CPU
		{F3427CF3-E822-46CD-99CD-14085A34F292}.Release|Any CPU.ActiveCfg = Release|Any CPU
		{F3427CF3-E822-46CD-99CD-14085A34F292}.Release|Any CPU.Build.0 = Release|Any CPU
	EndGlobalSection
	GlobalSection(SolutionProperties) = preSolution
		HideSolutionNode = FALSE
	EndGlobalSection
	GlobalSection(ExtensibilityGlobals) = postSolution
		SolutionGuid = {A0777A29-E751-4B3D-9461-26743CF8D3BD}
	EndGlobalSection
EndGlobal
